
Microsoft Visual Studio Solution File, Format Version 12.00
# Visual Studio 15
Project("{FAE04EC0-301F-11D3-BF4B-00C04F79EFBC}") = "Unity.WebRTC.Samples", "Unity.WebRTC.Samples.csproj", "{4C108D46-68CD-FB5B-D72A-7B7CAB998109}"
EndProject
Project("{FAE04EC0-301F-11D3-BF4B-00C04F79EFBC}") = "Assembly-CSharp", "Assembly-CSharp.csproj", "{2BC6D4A6-BE99-79C1-5245-E6E16146960F}"
EndProject
Global
	GlobalSection(SolutionConfigurationPlatforms) = preSolution
		Debug|Any CPU = Debug|Any CPU
		Release|Any CPU = Release|Any CPU
	EndGlobalSection
	GlobalSection(ProjectConfigurationPlatforms) = postSolution
		{4C108D46-68CD-FB5B-D72A-7B7CAB998109}.Debug|Any CPU.ActiveCfg = Debug|Any CPU
		{4C108D46-68CD-FB5B-D72A-7B7CAB998109}.Debug|Any CPU.Build.0 = Debug|Any CPU
		{4C108D46-68CD-FB5B-D72A-7B7CAB998109}.Release|Any CPU.ActiveCfg = Release|Any CPU
		{4C108D46-68CD-FB5B-D72A-7B7CAB998109}.Release|Any CPU.Build.0 = Release|Any CPU
		{2BC6D4A6-BE99-79C1-5245-E6E16146960F}.Debug|Any CPU.ActiveCfg = Debug|Any CPU
		{2BC6D4A6-BE99-79C1-5245-E6E16146960F}.Debug|Any CPU.Build.0 = Debug|Any CPU
		{2BC6D4A6-BE99-79C1-5245-E6E16146960F}.Release|Any CPU.ActiveCfg = Release|Any CPU
		{2BC6D4A6-BE99-79C1-5245-E6E16146960F}.Release|Any CPU.Build.0 = Release|Any CPU
	EndGlobalSection
	GlobalSection(SolutionProperties) = preSolution
		HideSolutionNode = FALSE
	EndGlobalSection
EndGlobal
